
Microsoft Visual Studio Solution File, Format Version 12.00
# Visual Studio Version 17
VisualStudioVersion = 17.0.32112.339
MinimumVisualStudioVersion = 10.0.40219.1
Project("{9A19103F-16F7-4668-BE54-9A1E7A4F7556}") = "GoogleAuthentication", "GoogleAuthentication.csproj", "{61CC1A87-D598-43B8-926A-C9E21E955885}"
EndProject
Global
	GlobalSection(SolutionConfigurationPlatforms) = preSolution
		Debug|Any CPU = Debug|Any CPU
		Release|Any CPU = Release|Any CPU
	EndGlobalSection
	GlobalSection(ProjectConfigurationPlatforms) = postSolution
		{61CC1A87-D598-43B8-926A-C9E21E955885}.Debug|Any CPU.ActiveCfg = Debug|Any CPU
		{61CC1A87-D598-43B8-926A-C9E21E955885}.Debug|Any CPU.Build.0 = Debug|Any CPU
		{61CC1A87-D598-43B8-926A-C9E21E955885}.Release|Any CPU.ActiveCfg = Release|Any CPU
		{61CC1A87-D598-43B8-926A-C9E21E955885}.Release|Any CPU.Build.0 = Release|Any CPU
	EndGlobalSection
	GlobalSection(SolutionProperties) = preSolution
		HideSolutionNode = FALSE
	EndGlobalSection
	GlobalSection(ExtensibilityGlobals) = postSolution
		SolutionGuid = {0BDBB8B2-C3BC-4481-B53B-CDD58FC4C892}
	EndGlobalSection
EndGlobal
